
Microsoft Visual Studio Solution File, Format Version 12.00
# Visual Studio Version 16
VisualStudioVersion = 16.0.30717.126
MinimumVisualStudioVersion = 10.0.40219.1
Project("{FAE04EC0-301F-11D3-BF4B-00C04F79EFBC}") = "uyg7", "uyg7\uyg7.csproj", "{C3CA35B3-AF1C-4CCB-9639-BC668AE68500}"
EndProject
Global
	GlobalSection(SolutionConfigurationPlatforms) = preSolution
		Debug|Any CPU = Debug|Any CPU
		Release|Any CPU = Release|Any CPU
	EndGlobalSection
	GlobalSection(ProjectConfigurationPlatforms) = postSolution
		{C3CA35B3-AF1C-4CCB-9639-BC668AE68500}.Debug|Any CPU.ActiveCfg = Debug|Any CPU
		{C3CA35B3-AF1C-4CCB-9639-BC668AE68500}.Debug|Any CPU.Build.0 = Debug|Any CPU
		{C3CA35B3-AF1C-4CCB-9639-BC668AE68500}.Release|Any CPU.ActiveCfg = Release|Any CPU
		{C3CA35B3-AF1C-4CCB-9639-BC668AE68500}.Release|Any CPU.Build.0 = Release|Any CPU
	EndGlobalSection
	GlobalSection(SolutionProperties) = preSolution
		HideSolutionNode = FALSE
	EndGlobalSection
	GlobalSection(ExtensibilityGlobals) = postSolution
		SolutionGuid = {0D8461A5-3814-4228-B071-47AF47892B1F}
	EndGlobalSection
EndGlobal
